// !$*UTF8*$!
{
	archiveVersion = 1;
	classes = {
	};
	objectVersion = 52;
	objects = {

/* Begin PBXBuildFile section */
		7B1465CD25DA60E400FF6C6B /* AppDelegate.swift in Sources */ = {isa = PBXBuildFile; fileRef = 7B1465CC25DA60E400FF6C6B /* AppDelegate.swift */; };
		7B1465CF25DA60E400FF6C6B /* SceneDelegate.swift in Sources */ = {isa = PBXBuildFile; fileRef = 7B1465CE25DA60E400FF6C6B /* SceneDelegate.swift */; };
		7B1465D125DA60E400FF6C6B /* ScanViewController.swift in Sources */ = {isa = PBXBuildFile; fileRef = 7B1465D025DA60E400FF6C6B /* ScanViewController.swift */; };
		7B1465D425DA60E400FF6C6B /* Main.storyboard in Resources */ = {isa = PBXBuildFile; fileRef = 7B1465D225DA60E400FF6C6B /* Main.storyboard */; };
		7B1465D625DA60E600FF6C6B /* Assets.xcassets in Resources */ = {isa = PBXBuildFile; fileRef = 7B1465D525DA60E600FF6C6B /* Assets.xcassets */; };
		7B1465D925DA60E600FF6C6B /* LaunchScreen.storyboard in Resources */ = {isa = PBXBuildFile; fileRef = 7B1465D725DA60E600FF6C6B /* LaunchScreen.storyboard */; };
		7B1465E425DA60E700FF6C6B /* MentalistTests.swift in Sources */ = {isa = PBXBuildFile; fileRef = 7B1465E325DA60E700FF6C6B /* MentalistTests.swift */; };
		7B1465EF25DA60E700FF6C6B /* MentalistUITests.swift in Sources */ = {isa = PBXBuildFile; fileRef = 7B1465EE25DA60E700FF6C6B /* MentalistUITests.swift */; };
		7B14660425DA689900FF6C6B /* BLEManager.swift in Sources */ = {isa = PBXBuildFile; fileRef = 7B14660325DA689900FF6C6B /* BLEManager.swift */; };
		7B8EE37525DA730D00BD5E41 /* CommunicationViewController.swift in Sources */ = {isa = PBXBuildFile; fileRef = 7B8EE37425DA730D00BD5E41 /* CommunicationViewController.swift */; };
		7B8EE37E25DA762C00BD5E41 /* HistoryViewController.swift in Sources */ = {isa = PBXBuildFile; fileRef = 7B8EE37D25DA762C00BD5E41 /* HistoryViewController.swift */; };
		7B8EE38325DA763C00BD5E41 /* MapViewController.swift in Sources */ = {isa = PBXBuildFile; fileRef = 7B8EE38225DA763C00BD5E41 /* MapViewController.swift */; };
		7B8EE39425DA7E1900BD5E41 /* ReadCollectionViewCell.swift in Sources */ = {isa = PBXBuildFile; fileRef = 7B8EE39325DA7E1900BD5E41 /* ReadCollectionViewCell.swift */; };
		7B8EE39925DA7E2C00BD5E41 /* HistoryCollectionViewCell.swift in Sources */ = {isa = PBXBuildFile; fileRef = 7B8EE39825DA7E2C00BD5E41 /* HistoryCollectionViewCell.swift */; };
		7B8EE39F25DA989500BD5E41 /* HistoryItem.swift in Sources */ = {isa = PBXBuildFile; fileRef = 7B8EE39E25DA989500BD5E41 /* HistoryItem.swift */; };
		7B8EE3A825DA9D5600BD5E41 /* UIViewControllerExtension.swift in Sources */ = {isa = PBXBuildFile; fileRef = 7B8EE3A725DA9D5600BD5E41 /* UIViewControllerExtension.swift */; };
		7B8EE3AD25DA9E9100BD5E41 /* LocationManager.swift in Sources */ = {isa = PBXBuildFile; fileRef = 7B8EE3AC25DA9E9100BD5E41 /* LocationManager.swift */; };
		7B8EE3B325DAABC800BD5E41 /* StringMetric in Frameworks */ = {isa = PBXBuildFile; productRef = 7B8EE3B225DAABC800BD5E41 /* StringMetric */; };
/* End PBXBuildFile section */

/* Begin PBXContainerItemProxy section */
		7B1465E025DA60E700FF6C6B /* PBXContainerItemProxy */ = {
			isa = PBXContainerItemProxy;
			containerPortal = 7B1465C125DA60E400FF6C6B /* Project object */;
			proxyType = 1;
			remoteGlobalIDString = 7B1465C825DA60E400FF6C6B;
			remoteInfo = Mentalist;
		};
		7B1465EB25DA60E700FF6C6B /* PBXContainerItemProxy */ = {
			isa = PBXContainerItemProxy;
			containerPortal = 7B1465C125DA60E400FF6C6B /* Project object */;
			proxyType = 1;
			remoteGlobalIDString = 7B1465C825DA60E400FF6C6B;
			remoteInfo = Mentalist;
		};
/* End PBXContainerItemProxy section */

/* Begin PBXFileReference section */
		7B1465C925DA60E400FF6C6B /* Mentalist.app */ = {isa = PBXFileReference; explicitFileType = wrapper.application; includeInIndex = 0; path = Mentalist.app; sourceTree = BUILT_PRODUCTS_DIR; };
		7B1465CC25DA60E400FF6C6B /* AppDelegate.swift */ = {isa = PBXFileReference; lastKnownFileType = sourcecode.swift; path = AppDelegate.swift; sourceTree = "<group>"; };
		7B1465CE25DA60E400FF6C6B /* SceneDelegate.swift */ = {isa = PBXFileReference; lastKnownFileType = sourcecode.swift; path = SceneDelegate.swift; sourceTree = "<group>"; };
		7B1465D025DA60E400FF6C6B /* ScanViewController.swift */ = {isa = PBXFileReference; lastKnownFileType = sourcecode.swift; path = ScanViewController.swift; sourceTree = "<group>"; };
		7B1465D325DA60E400FF6C6B /* Base */ = {isa = PBXFileReference; lastKnownFileType = file.storyboard; name = Base; path = Base.lproj/Main.storyboard; sourceTree = "<group>"; };
		7B1465D525DA60E600FF6C6B /* Assets.xcassets */ = {isa = PBXFileReference; lastKnownFileType = folder.assetcatalog; path = Assets.xcassets; sourceTree = "<group>"; };
		7B1465D825DA60E600FF6C6B /* Base */ = {isa = PBXFileReference; lastKnownFileType = file.storyboard; name = Base; path = Base.lproj/LaunchScreen.storyboard; sourceTree = "<group>"; };
		7B1465DA25DA60E600FF6C6B /* Info.plist */ = {isa = PBXFileReference; lastKnownFileType = text.plist.xml; path = Info.plist; sourceTree = "<group>"; };
		7B1465DF25DA60E700FF6C6B /* MentalistTests.xctest */ = {isa = PBXFileReference; explicitFileType = wrapper.cfbundle; includeInIndex = 0; path = MentalistTests.xctest; sourceTree = BUILT_PRODUCTS_DIR; };
		7B1465E325DA60E700FF6C6B /* MentalistTests.swift */ = {isa = PBXFileReference; lastKnownFileType = sourcecode.swift; path = MentalistTests.swift; sourceTree = "<group>"; };
		7B1465E525DA60E700FF6C6B /* Info.plist */ = {isa = PBXFileReference; lastKnownFileType = text.plist.xml; path = Info.plist; sourceTree = "<group>"; };
		7B1465EA25DA60E700FF6C6B /* MentalistUITests.xctest */ = {isa = PBXFileReference; explicitFileType = wrapper.cfbundle; includeInIndex = 0; path = MentalistUITests.xctest; sourceTree = BUILT_PRODUCTS_DIR; };
		7B1465EE25DA60E700FF6C6B /* MentalistUITests.swift */ = {isa = PBXFileReference; lastKnownFileType = sourcecode.swift; path = MentalistUITests.swift; sourceTree = "<group>"; };
		7B1465F025DA60E700FF6C6B /* Info.plist */ = {isa = PBXFileReference; lastKnownFileType = text.plist.xml; path = Info.plist; sourceTree = "<group>"; };
		7B14660325DA689900FF6C6B /* BLEManager.swift */ = {isa = PBXFileReference; lastKnownFileType = sourcecode.swift; path = BLEManager.swift; sourceTree = "<group>"; };
		7B8EE37425DA730D00BD5E41 /* CommunicationViewController.swift */ = {isa = PBXFileReference; lastKnownFileType = sourcecode.swift; path = CommunicationViewController.swift; sourceTree = "<group>"; };
		7B8EE37D25DA762C00BD5E41 /* HistoryViewController.swift */ = {isa = PBXFileReference; lastKnownFileType = sourcecode.swift; path = HistoryViewController.swift; sourceTree = "<group>"; };
		7B8EE38225DA763C00BD5E41 /* MapViewController.swift */ = {isa = PBXFileReference; lastKnownFileType = sourcecode.swift; path = MapViewController.swift; sourceTree = "<group>"; };
		7B8EE39325DA7E1900BD5E41 /* ReadCollectionViewCell.swift */ = {isa = PBXFileReference; lastKnownFileType = sourcecode.swift; path = ReadCollectionViewCell.swift; sourceTree = "<group>"; };
		7B8EE39825DA7E2C00BD5E41 /* HistoryCollectionViewCell.swift */ = {isa = PBXFileReference; lastKnownFileType = sourcecode.swift; path = HistoryCollectionViewCell.swift; sourceTree = "<group>"; };
		7B8EE39E25DA989500BD5E41 /* HistoryItem.swift */ = {isa = PBXFileReference; lastKnownFileType = sourcecode.swift; path = HistoryItem.swift; sourceTree = "<group>"; };
		7B8EE3A725DA9D5600BD5E41 /* UIViewControllerExtension.swift */ = {isa = PBXFileReference; lastKnownFileType = sourcecode.swift; path = UIViewControllerExtension.swift; sourceTree = "<group>"; };
		7B8EE3AC25DA9E9100BD5E41 /* LocationManager.swift */ = {isa = PBXFileReference; lastKnownFileType = sourcecode.swift; path = LocationManager.swift; sourceTree = "<group>"; };
/* End PBXFileReference section */

/* Begin PBXFrameworksBuildPhase section */
		7B1465C625DA60E400FF6C6B /* Frameworks */ = {
			isa = PBXFrameworksBuildPhase;
			buildActionMask = 2147483647;
			files = (
				7B8EE3B325DAABC800BD5E41 /* StringMetric in Frameworks */,
			);
			runOnlyForDeploymentPostprocessing = 0;
		};
		7B1465DC25DA60E700FF6C6B /* Frameworks */ = {
			isa = PBXFrameworksBuildPhase;
			buildActionMask = 2147483647;
			files = (
			);
			runOnlyForDeploymentPostprocessing = 0;
		};
		7B1465E725DA60E700FF6C6B /* Frameworks */ = {
			isa = PBXFrameworksBuildPhase;
			buildActionMask = 2147483647;
			files = (
			);
			runOnlyForDeploymentPostprocessing = 0;
		};
/* End PBXFrameworksBuildPhase section */

/* Begin PBXGroup section */
		7B1465C025DA60E400FF6C6B = {
			isa = PBXGroup;
			children = (
				7B1465CB25DA60E400FF6C6B /* Mentalist */,
				7B1465E225DA60E700FF6C6B /* MentalistTests */,
				7B1465ED25DA60E700FF6C6B /* MentalistUITests */,
				7B1465CA25DA60E400FF6C6B /* Products */,
			);
			sourceTree = "<group>";
		};
		7B1465CA25DA60E400FF6C6B /* Products */ = {
			isa = PBXGroup;
			children = (
				7B1465C925DA60E400FF6C6B /* Mentalist.app */,
				7B1465DF25DA60E700FF6C6B /* MentalistTests.xctest */,
				7B1465EA25DA60E700FF6C6B /* MentalistUITests.xctest */,
			);
			name = Products;
			sourceTree = "<group>";
		};
		7B1465CB25DA60E400FF6C6B /* Mentalist */ = {
			isa = PBXGroup;
			children = (
				7B8EE3A625DA9D4700BD5E41 /* Extensions */,
				7B14660225DA688C00FF6C6B /* Managers */,
				7B8EE39D25DA988200BD5E41 /* Model */,
				7B8EE38C25DA7DE300BD5E41 /* View */,
				7B8EE37925DA73BA00BD5E41 /* Controller */,
				7B1465CC25DA60E400FF6C6B /* AppDelegate.swift */,
				7B1465CE25DA60E400FF6C6B /* SceneDelegate.swift */,
				7B1465D225DA60E400FF6C6B /* Main.storyboard */,
				7B1465D525DA60E600FF6C6B /* Assets.xcassets */,
				7B1465D725DA60E600FF6C6B /* LaunchScreen.storyboard */,
				7B1465DA25DA60E600FF6C6B /* Info.plist */,
			);
			path = Mentalist;
			sourceTree = "<group>";
		};
		7B1465E225DA60E700FF6C6B /* MentalistTests */ = {
			isa = PBXGroup;
			children = (
				7B1465E325DA60E700FF6C6B /* MentalistTests.swift */,
				7B1465E525DA60E700FF6C6B /* Info.plist */,
			);
			path = MentalistTests;
			sourceTree = "<group>";
		};
		7B1465ED25DA60E700FF6C6B /* MentalistUITests */ = {
			isa = PBXGroup;
			children = (
				7B1465EE25DA60E700FF6C6B /* MentalistUITests.swift */,
				7B1465F025DA60E700FF6C6B /* Info.plist */,
			);
			path = MentalistUITests;
			sourceTree = "<group>";
		};
		7B14660225DA688C00FF6C6B /* Managers */ = {
			isa = PBXGroup;
			children = (
				7B14660325DA689900FF6C6B /* BLEManager.swift */,
				7B8EE3AC25DA9E9100BD5E41 /* LocationManager.swift */,
			);
			path = Managers;
			sourceTree = "<group>";
		};
		7B8EE37925DA73BA00BD5E41 /* Controller */ = {
			isa = PBXGroup;
			children = (
				7B1465D025DA60E400FF6C6B /* ScanViewController.swift */,
				7B8EE37425DA730D00BD5E41 /* CommunicationViewController.swift */,
				7B8EE37D25DA762C00BD5E41 /* HistoryViewController.swift */,
				7B8EE38225DA763C00BD5E41 /* MapViewController.swift */,
			);
			path = Controller;
			sourceTree = "<group>";
		};
		7B8EE38C25DA7DE300BD5E41 /* View */ = {
			isa = PBXGroup;
			children = (
				7B8EE39325DA7E1900BD5E41 /* ReadCollectionViewCell.swift */,
				7B8EE39825DA7E2C00BD5E41 /* HistoryCollectionViewCell.swift */,
			);
			path = View;
			sourceTree = "<group>";
		};
		7B8EE39D25DA988200BD5E41 /* Model */ = {
			isa = PBXGroup;
			children = (
				7B8EE39E25DA989500BD5E41 /* HistoryItem.swift */,
			);
			path = Model;
			sourceTree = "<group>";
		};
		7B8EE3A625DA9D4700BD5E41 /* Extensions */ = {
			isa = PBXGroup;
			children = (
				7B8EE3A725DA9D5600BD5E41 /* UIViewControllerExtension.swift */,
			);
			path = Extensions;
			sourceTree = "<group>";
		};
/* End PBXGroup section */

/* Begin PBXNativeTarget section */
		7B1465C825DA60E400FF6C6B /* Mentalist */ = {
			isa = PBXNativeTarget;
			buildConfigurationList = 7B1465F325DA60E700FF6C6B /* Build configuration list for PBXNativeTarget "Mentalist" */;
			buildPhases = (
				7B1465C525DA60E400FF6C6B /* Sources */,
				7B1465C625DA60E400FF6C6B /* Frameworks */,
				7B1465C725DA60E400FF6C6B /* Resources */,
			);
			buildRules = (
			);
			dependencies = (
			);
			name = Mentalist;
			packageProductDependencies = (
				7B8EE3B225DAABC800BD5E41 /* StringMetric */,
			);
			productName = Mentalist;
			productReference = 7B1465C925DA60E400FF6C6B /* Mentalist.app */;
			productType = "com.apple.product-type.application";
		};
		7B1465DE25DA60E700FF6C6B /* MentalistTests */ = {
			isa = PBXNativeTarget;
			buildConfigurationList = 7B1465F625DA60E700FF6C6B /* Build configuration list for PBXNativeTarget "MentalistTests" */;
			buildPhases = (
				7B1465DB25DA60E700FF6C6B /* Sources */,
				7B1465DC25DA60E700FF6C6B /* Frameworks */,
				7B1465DD25DA60E700FF6C6B /* Resources */,
			);
			buildRules = (
			);
			dependencies = (
				7B1465E125DA60E700FF6C6B /* PBXTargetDependency */,
			);
			name = MentalistTests;
			productName = MentalistTests;
			productReference = 7B1465DF25DA60E700FF6C6B /* MentalistTests.xctest */;
			productType = "com.apple.product-type.bundle.unit-test";
		};
		7B1465E925DA60E700FF6C6B /* MentalistUITests */ = {
			isa = PBXNativeTarget;
			buildConfigurationList = 7B1465F925DA60E700FF6C6B /* Build configuration list for PBXNativeTarget "MentalistUITests" */;
			buildPhases = (
				7B1465E625DA60E700FF6C6B /* Sources */,
				7B1465E725DA60E700FF6C6B /* Frameworks */,
				7B1465E825DA60E700FF6C6B /* Resources */,
			);
			buildRules = (
			);
			dependencies = (
				7B1465EC25DA60E700FF6C6B /* PBXTargetDependency */,
			);
			name = MentalistUITests;
			productName = MentalistUITests;
			productReference = 7B1465EA25DA60E700FF6C6B /* MentalistUITests.xctest */;
			productType = "com.apple.product-type.bundle.ui-testing";
		};
/* End PBXNativeTarget section */

/* Begin PBXProject section */
		7B1465C125DA60E400FF6C6B /* Project object */ = {
			isa = PBXProject;
			attributes = {
				LastSwiftUpdateCheck = 1230;
				LastUpgradeCheck = 1230;
				TargetAttributes = {
					7B1465C825DA60E400FF6C6B = {
						CreatedOnToolsVersion = 12.3;
					};
					7B1465DE25DA60E700FF6C6B = {
						CreatedOnToolsVersion = 12.3;
						TestTargetID = 7B1465C825DA60E400FF6C6B;
					};
					7B1465E925DA60E700FF6C6B = {
						CreatedOnToolsVersion = 12.3;
						TestTargetID = 7B1465C825DA60E400FF6C6B;
					};
				};
			};
			buildConfigurationList = 7B1465C425DA60E400FF6C6B /* Build configuration list for PBXProject "Mentalist" */;
			compatibilityVersion = "Xcode 9.3";
			developmentRegion = en;
			hasScannedForEncodings = 0;
			knownRegions = (
				en,
				Base,
			);
			mainGroup = 7B1465C025DA60E400FF6C6B;
			packageReferences = (
				7B8EE3B125DAABC800BD5E41 /* XCRemoteSwiftPackageReference "StringMetric.swift" */,
			);
			productRefGroup = 7B1465CA25DA60E400FF6C6B /* Products */;
			projectDirPath = "";
			projectRoot = "";
			targets = (
				7B1465C825DA60E400FF6C6B /* Mentalist */,
				7B1465DE25DA60E700FF6C6B /* MentalistTests */,
				7B1465E925DA60E700FF6C6B /* MentalistUITests */,
			);
		};
/* End PBXProject section */

/* Begin PBXResourcesBuildPhase section */
		7B1465C725DA60E400FF6C6B /* Resources */ = {
			isa = PBXResourcesBuildPhase;
			buildActionMask = 2147483647;
			files = (
				7B1465D925DA60E600FF6C6B /* LaunchScreen.storyboard in Resources */,
				7B1465D625DA60E600FF6C6B /* Assets.xcassets in Resources */,
				7B1465D425DA60E400FF6C6B /* Main.storyboard in Resources */,
			);
			runOnlyForDeploymentPostprocessing = 0;
		};
		7B1465DD25DA60E700FF6C6B /* Resources */ = {
			isa = PBXResourcesBuildPhase;
			buildActionMask = 2147483647;
			files = (
			);
			runOnlyForDeploymentPostprocessing = 0;
		};
		7B1465E825DA60E700FF6C6B /* Resources */ = {
			isa = PBXResourcesBuildPhase;
			buildActionMask = 2147483647;
			files = (
			);
			runOnlyForDeploymentPostprocessing = 0;
		};
/* End PBXResourcesBuildPhase section */

/* Begin PBXSourcesBuildPhase section */
		7B1465C525DA60E400FF6C6B /* Sources */ = {
			isa = PBXSourcesBuildPhase;
			buildActionMask = 2147483647;
			files = (
				7B1465D125DA60E400FF6C6B /* ScanViewController.swift in Sources */,
				7B14660425DA689900FF6C6B /* BLEManager.swift in Sources */,
				7B8EE39425DA7E1900BD5E41 /* ReadCollectionViewCell.swift in Sources */,
				7B8EE39F25DA989500BD5E41 /* HistoryItem.swift in Sources */,
				7B1465CD25DA60E400FF6C6B /* AppDelegate.swift in Sources */,
				7B8EE37E25DA762C00BD5E41 /* HistoryViewController.swift in Sources */,
				7B8EE39925DA7E2C00BD5E41 /* HistoryCollectionViewCell.swift in Sources */,
				7B1465CF25DA60E400FF6C6B /* SceneDelegate.swift in Sources */,
				7B8EE3AD25DA9E9100BD5E41 /* LocationManager.swift in Sources */,
				7B8EE37525DA730D00BD5E41 /* CommunicationViewController.swift in Sources */,
				7B8EE3A825DA9D5600BD5E41 /* UIViewControllerExtension.swift in Sources */,
				7B8EE38325DA763C00BD5E41 /* MapViewController.swift in Sources */,
			);
			runOnlyForDeploymentPostprocessing = 0;
		};
		7B1465DB25DA60E700FF6C6B /* Sources */ = {
			isa = PBXSourcesBuildPhase;
			buildActionMask = 2147483647;
			files = (
				7B1465E425DA60E700FF6C6B /* MentalistTests.swift in Sources */,
			);
			runOnlyForDeploymentPostprocessing = 0;
		};
		7B1465E625DA60E700FF6C6B /* Sources */ = {
			isa = PBXSourcesBuildPhase;
			buildActionMask = 2147483647;
			files = (
				7B1465EF25DA60E700FF6C6B /* MentalistUITests.swift in Sources */,
			);
			runOnlyForDeploymentPostprocessing = 0;
		};
/* End PBXSourcesBuildPhase section */

/* Begin PBXTargetDependency section */
		7B1465E125DA60E700FF6C6B /* PBXTargetDependency */ = {
			isa = PBXTargetDependency;
			target = 7B1465C825DA60E400FF6C6B /* Mentalist */;
			targetProxy = 7B1465E025DA60E700FF6C6B /* PBXContainerItemProxy */;
		};
		7B1465EC25DA60E700FF6C6B /* PBXTargetDependency */ = {
			isa = PBXTargetDependency;
			target = 7B1465C825DA60E400FF6C6B /* Mentalist */;
			targetProxy = 7B1465EB25DA60E700FF6C6B /* PBXContainerItemProxy */;
		};
/* End PBXTargetDependency section */

/* Begin PBXVariantGroup section */
		7B1465D225DA60E400FF6C6B /* Main.storyboard */ = {
			isa = PBXVariantGroup;
			children = (
				7B1465D325DA60E400FF6C6B /* Base */,
			);
			name = Main.storyboard;
			sourceTree = "<group>";
		};
		7B1465D725DA60E600FF6C6B /* LaunchScreen.storyboard */ = {
			isa = PBXVariantGroup;
			children = (
				7B1465D825DA60E600FF6C6B /* Base */,
			);
			name = LaunchScreen.storyboard;
			sourceTree = "<group>";
		};
/* End PBXVariantGroup section */

/* Begin XCBuildConfiguration section */
		7B1465F125DA60E700FF6C6B /* Debug */ = {
			isa = XCBuildConfiguration;
			buildSettings = {
				ALWAYS_SEARCH_USER_PATHS = NO;
				CLANG_ANALYZER_NONNULL = YES;
				CLANG_ANALYZER_NUMBER_OBJECT_CONVERSION = YES_AGGRESSIVE;
				CLANG_CXX_LANGUAGE_STANDARD = "gnu++14";
				CLANG_CXX_LIBRARY = "libc++";
				CLANG_ENABLE_MODULES = YES;
				CLANG_ENABLE_OBJC_ARC = YES;
				CLANG_ENABLE_OBJC_WEAK = YES;
				CLANG_WARN_BLOCK_CAPTURE_AUTORELEASING = YES;
				CLANG_WARN_BOOL_CONVERSION = YES;
				CLANG_WARN_COMMA = YES;
				CLANG_WARN_CONSTANT_CONVERSION = YES;
				CLANG_WARN_DEPRECATED_OBJC_IMPLEMENTATIONS = YES;
				CLANG_WARN_DIRECT_OBJC_ISA_USAGE = YES_ERROR;
				CLANG_WARN_DOCUMENTATION_COMMENTS = YES;
				CLANG_WARN_EMPTY_BODY = YES;
				CLANG_WARN_ENUM_CONVERSION = YES;
				CLANG_WARN_INFINITE_RECURSION = YES;
				CLANG_WARN_INT_CONVERSION = YES;
				CLANG_WARN_NON_LITERAL_NULL_CONVERSION = YES;
				CLANG_WARN_OBJC_IMPLICIT_RETAIN_SELF = YES;
				CLANG_WARN_OBJC_LITERAL_CONVERSION = YES;
				CLANG_WARN_OBJC_ROOT_CLASS = YES_ERROR;
				CLANG_WARN_QUOTED_INCLUDE_IN_FRAMEWORK_HEADER = YES;
				CLANG_WARN_RANGE_LOOP_ANALYSIS = YES;
				CLANG_WARN_STRICT_PROTOTYPES = YES;
				CLANG_WARN_SUSPICIOUS_MOVE = YES;
				CLANG_WARN_UNGUARDED_AVAILABILITY = YES_AGGRESSIVE;
				CLANG_WARN_UNREACHABLE_CODE = YES;
				CLANG_WARN__DUPLICATE_METHOD_MATCH = YES;
				COPY_PHASE_STRIP = NO;
				DEBUG_INFORMATION_FORMAT = dwarf;
				ENABLE_STRICT_OBJC_MSGSEND = YES;
				ENABLE_TESTABILITY = YES;
				GCC_C_LANGUAGE_STANDARD = gnu11;
				GCC_DYNAMIC_NO_PIC = NO;
				GCC_NO_COMMON_BLOCKS = YES;
				GCC_OPTIMIZATION_LEVEL = 0;
				GCC_PREPROCESSOR_DEFINITIONS = (
					"DEBUG=1",
					"$(inherited)",
				);
				GCC_WARN_64_TO_32_BIT_CONVERSION = YES;
				GCC_WARN_ABOUT_RETURN_TYPE = YES_ERROR;
				GCC_WARN_UNDECLARED_SELECTOR = YES;
				GCC_WARN_UNINITIALIZED_AUTOS = YES_AGGRESSIVE;
				GCC_WARN_UNUSED_FUNCTION = YES;
				GCC_WARN_UNUSED_VARIABLE = YES;
				IPHONEOS_DEPLOYMENT_TARGET = 14.3;
				MTL_ENABLE_DEBUG_INFO = INCLUDE_SOURCE;
				MTL_FAST_MATH = YES;
				ONLY_ACTIVE_ARCH = YES;
				SDKROOT = iphoneos;
				SWIFT_ACTIVE_COMPILATION_CONDITIONS = DEBUG;
				SWIFT_OPTIMIZATION_LEVEL = "-Onone";
			};
			name = Debug;
		};
		7B1465F225DA60E700FF6C6B /* Release */ = {
			isa = XCBuildConfiguration;
			buildSettings = {
				ALWAYS_SEARCH_USER_PATHS = NO;
				CLANG_ANALYZER_NONNULL = YES;
				CLANG_ANALYZER_NUMBER_OBJECT_CONVERSION = YES_AGGRESSIVE;
				CLANG_CXX_LANGUAGE_STANDARD = "gnu++14";
				CLANG_CXX_LIBRARY = "libc++";
				CLANG_ENABLE_MODULES = YES;
				CLANG_ENABLE_OBJC_ARC = YES;
				CLANG_ENABLE_OBJC_WEAK = YES;
				CLANG_WARN_BLOCK_CAPTURE_AUTORELEASING = YES;
				CLANG_WARN_BOOL_CONVERSION = YES;
				CLANG_WARN_COMMA = YES;
				CLANG_WARN_CONSTANT_CONVERSION = YES;
				CLANG_WARN_DEPRECATED_OBJC_IMPLEMENTATIONS = YES;
				CLANG_WARN_DIRECT_OBJC_ISA_USAGE = YES_ERROR;
				CLANG_WARN_DOCUMENTATION_COMMENTS = YES;
				CLANG_WARN_EMPTY_BODY = YES;
				CLANG_WARN_ENUM_CONVERSION = YES;
				CLANG_WARN_INFINITE_RECURSION = YES;
				CLANG_WARN_INT_CONVERSION = YES;
				CLANG_WARN_NON_LITERAL_NULL_CONVERSION = YES;
				CLANG_WARN_OBJC_IMPLICIT_RETAIN_SELF = YES;
				CLANG_WARN_OBJC_LITERAL_CONVERSION = YES;
				CLANG_WARN_OBJC_ROOT_CLASS = YES_ERROR;
				CLANG_WARN_QUOTED_INCLUDE_IN_FRAMEWORK_HEADER = YES;
				CLANG_WARN_RANGE_LOOP_ANALYSIS = YES;
				CLANG_WARN_STRICT_PROTOTYPES = YES;
				CLANG_WARN_SUSPICIOUS_MOVE = YES;
				CLANG_WARN_UNGUARDED_AVAILABILITY = YES_AGGRESSIVE;
				CLANG_WARN_UNREACHABLE_CODE = YES;
				CLANG_WARN__DUPLICATE_METHOD_MATCH = YES;
				COPY_PHASE_STRIP = NO;
				DEBUG_INFORMATION_FORMAT = "dwarf-with-dsym";
				ENABLE_NS_ASSERTIONS = NO;
				ENABLE_STRICT_OBJC_MSGSEND = YES;
				GCC_C_LANGUAGE_STANDARD = gnu11;
				GCC_NO_COMMON_BLOCKS = YES;
				GCC_WARN_64_TO_32_BIT_CONVERSION = YES;
				GCC_WARN_ABOUT_RETURN_TYPE = YES_ERROR;
				GCC_WARN_UNDECLARED_SELECTOR = YES;
				GCC_WARN_UNINITIALIZED_AUTOS = YES_AGGRESSIVE;
				GCC_WARN_UNUSED_FUNCTION = YES;
				GCC_WARN_UNUSED_VARIABLE = YES;
				IPHONEOS_DEPLOYMENT_TARGET = 14.3;
				MTL_ENABLE_DEBUG_INFO = NO;
				MTL_FAST_MATH = YES;
				SDKROOT = iphoneos;
				SWIFT_COMPILATION_MODE = wholemodule;
				SWIFT_OPTIMIZATION_LEVEL = "-O";
				VALIDATE_PRODUCT = YES;
			};
			name = Release;
		};
		7B1465F425DA60E700FF6C6B /* Debug */ = {
			isa = XCBuildConfiguration;
			buildSettings = {
				ASSETCATALOG_COMPILER_APPICON_NAME = AppIcon;
				ASSETCATALOG_COMPILER_GLOBAL_ACCENT_COLOR_NAME = AccentColor;
				CODE_SIGN_STYLE = Automatic;
				DEVELOPMENT_TEAM = 37J2MVMMBY;
				INFOPLIST_FILE = Mentalist/Info.plist;
				LD_RUNPATH_SEARCH_PATHS = (
					"$(inherited)",
					"@executable_path/Frameworks",
				);
				PRODUCT_BUNDLE_IDENTIFIER = com.dmii.Mentalist;
				PRODUCT_NAME = "$(TARGET_NAME)";
				SWIFT_VERSION = 5.0;
				TARGETED_DEVICE_FAMILY = "1,2";
			};
			name = Debug;
		};
		7B1465F525DA60E700FF6C6B /* Release */ = {
			isa = XCBuildConfiguration;
			buildSettings = {
				ASSETCATALOG_COMPILER_APPICON_NAME = AppIcon;
				ASSETCATALOG_COMPILER_GLOBAL_ACCENT_COLOR_NAME = AccentColor;
				CODE_SIGN_STYLE = Automatic;
				DEVELOPMENT_TEAM = 37J2MVMMBY;
				INFOPLIST_FILE = Mentalist/Info.plist;
				LD_RUNPATH_SEARCH_PATHS = (
					"$(inherited)",
					"@executable_path/Frameworks",
				);
				PRODUCT_BUNDLE_IDENTIFIER = com.dmii.Mentalist;
				PRODUCT_NAME = "$(TARGET_NAME)";
				SWIFT_VERSION = 5.0;
				TARGETED_DEVICE_FAMILY = "1,2";
			};
			name = Release;
		};
		7B1465F725DA60E700FF6C6B /* Debug */ = {
			isa = XCBuildConfiguration;
			buildSettings = {
				ALWAYS_EMBED_SWIFT_STANDARD_LIBRARIES = YES;
				BUNDLE_LOADER = "$(TEST_HOST)";
				CODE_SIGN_STYLE = Automatic;
				DEVELOPMENT_TEAM = 37J2MVMMBY;
				INFOPLIST_FILE = MentalistTests/Info.plist;
				IPHONEOS_DEPLOYMENT_TARGET = 14.3;
				LD_RUNPATH_SEARCH_PATHS = (
					"$(inherited)",
					"@executable_path/Frameworks",
					"@loader_path/Frameworks",
				);
				PRODUCT_BUNDLE_IDENTIFIER = com.dmii.MentalistTests;
				PRODUCT_NAME = "$(TARGET_NAME)";
				SWIFT_VERSION = 5.0;
				TARGETED_DEVICE_FAMILY = "1,2";
				TEST_HOST = "$(BUILT_PRODUCTS_DIR)/Mentalist.app/Mentalist";
			};
			name = Debug;
		};
		7B1465F825DA60E700FF6C6B /* Release */ = {
			isa = XCBuildConfiguration;
			buildSettings = {
				ALWAYS_EMBED_SWIFT_STANDARD_LIBRARIES = YES;
				BUNDLE_LOADER = "$(TEST_HOST)";
				CODE_SIGN_STYLE = Automatic;
				DEVELOPMENT_TEAM = 37J2MVMMBY;
				INFOPLIST_FILE = MentalistTests/Info.plist;
				IPHONEOS_DEPLOYMENT_TARGET = 14.3;
				LD_RUNPATH_SEARCH_PATHS = (
					"$(inherited)",
					"@executable_path/Frameworks",
					"@loader_path/Frameworks",
				);
				PRODUCT_BUNDLE_IDENTIFIER = com.dmii.MentalistTests;
				PRODUCT_NAME = "$(TARGET_NAME)";
				SWIFT_VERSION = 5.0;
				TARGETED_DEVICE_FAMILY = "1,2";
				TEST_HOST = "$(BUILT_PRODUCTS_DIR)/Mentalist.app/Mentalist";
			};
			name = Release;
		};
		7B1465FA25DA60E700FF6C6B /* Debug */ = {
			isa = XCBuildConfiguration;
			buildSettings = {
				ALWAYS_EMBED_SWIFT_STANDARD_LIBRARIES = YES;
				CODE_SIGN_STYLE = Automatic;
				DEVELOPMENT_TEAM = 37J2MVMMBY;
				INFOPLIST_FILE = MentalistUITests/Info.plist;
				LD_RUNPATH_SEARCH_PATHS = (
					"$(inherited)",
					"@executable_path/Frameworks",
					"@loader_path/Frameworks",
				);
				PRODUCT_BUNDLE_IDENTIFIER = com.dmii.MentalistUITests;
				PRODUCT_NAME = "$(TARGET_NAME)";
				SWIFT_VERSION = 5.0;
				TARGETED_DEVICE_FAMILY = "1,2";
				TEST_TARGET_NAME = Mentalist;
			};
			name = Debug;
		};
		7B1465FB25DA60E700FF6C6B /* Release */ = {
			isa = XCBuildConfiguration;
			buildSettings = {
				ALWAYS_EMBED_SWIFT_STANDARD_LIBRARIES = YES;
				CODE_SIGN_STYLE = Automatic;
				DEVELOPMENT_TEAM = 37J2MVMMBY;
				INFOPLIST_FILE = MentalistUITests/Info.plist;
				LD_RUNPATH_SEARCH_PATHS = (
					"$(inherited)",
					"@executable_path/Frameworks",
					"@loader_path/Frameworks",
				);
				PRODUCT_BUNDLE_IDENTIFIER = com.dmii.MentalistUITests;
				PRODUCT_NAME = "$(TARGET_NAME)";
				SWIFT_VERSION = 5.0;
				TARGETED_DEVICE_FAMILY = "1,2";
				TEST_TARGET_NAME = Mentalist;
			};
			name = Release;
		};
/* End XCBuildConfiguration section */

/* Begin XCConfigurationList section */
		7B1465C425DA60E400FF6C6B /* Build configuration list for PBXProject "Mentalist" */ = {
			isa = XCConfigurationList;
			buildConfigurations = (
				7B1465F125DA60E700FF6C6B /* Debug */,
				7B1465F225DA60E700FF6C6B /* Release */,
			);
			defaultConfigurationIsVisible = 0;
			defaultConfigurationName = Release;
		};
		7B1465F325DA60E700FF6C6B /* Build configuration list for PBXNativeTarget "Mentalist" */ = {
			isa = XCConfigurationList;
			buildConfigurations = (
				7B1465F425DA60E700FF6C6B /* Debug */,
				7B1465F525DA60E700FF6C6B /* Release */,
			);
			defaultConfigurationIsVisible = 0;
			defaultConfigurationName = Release;
		};
		7B1465F625DA60E700FF6C6B /* Build configuration list for PBXNativeTarget "MentalistTests" */ = {
			isa = XCConfigurationList;
			buildConfigurations = (
				7B1465F725DA60E700FF6C6B /* Debug */,
				7B1465F825DA60E700FF6C6B /* Release */,
			);
			defaultConfigurationIsVisible = 0;
			defaultConfigurationName = Release;
		};
		7B1465F925DA60E700FF6C6B /* Build configuration list for PBXNativeTarget "MentalistUITests" */ = {
			isa = XCConfigurationList;
			buildConfigurations = (
				7B1465FA25DA60E700FF6C6B /* Debug */,
				7B1465FB25DA60E700FF6C6B /* Release */,
			);
			defaultConfigurationIsVisible = 0;
			defaultConfigurationName = Release;
		};
/* End XCConfigurationList section */

/* Begin XCRemoteSwiftPackageReference section */
		7B8EE3B125DAABC800BD5E41 /* XCRemoteSwiftPackageReference "StringMetric.swift" */ = {
			isa = XCRemoteSwiftPackageReference;
			repositoryURL = "https://github.com/autozimu/StringMetric.swift.git";
			requirement = {
				kind = upToNextMajorVersion;
				minimumVersion = 0.3.2;
			};
		};
/* End XCRemoteSwiftPackageReference section */

/* Begin XCSwiftPackageProductDependency section */
		7B8EE3B225DAABC800BD5E41 /* StringMetric */ = {
			isa = XCSwiftPackageProductDependency;
			package = 7B8EE3B125DAABC800BD5E41 /* XCRemoteSwiftPackageReference "StringMetric.swift" */;
			productName = StringMetric;
		};
/* End XCSwiftPackageProductDependency section */
	};
	rootObject = 7B1465C125DA60E400FF6C6B /* Project object */;
}
